
Microsoft Visual Studio Solution File, Format Version 12.00
# Visual Studio Version 17
VisualStudioVersion = 17.5.33502.453
MinimumVisualStudioVersion = 10.0.40219.1
Project("{FAE04EC0-301F-11D3-BF4B-00C04F79EFBC}") = "uibase", "uibase\uibase.csproj", "{B7E4C300-A017-4B81-ABB9-6094EA5BF4D0}"
EndProject
Global
	GlobalSection(SolutionConfigurationPlatforms) = preSolution
		Debug|Any CPU = Debug|Any CPU
		Release|Any CPU = Release|Any CPU
	EndGlobalSection
	GlobalSection(ProjectConfigurationPlatforms) = postSolution
		{B7E4C300-A017-4B81-ABB9-6094EA5BF4D0}.Debug|Any CPU.ActiveCfg = Debug|Any CPU
		{B7E4C300-A017-4B81-ABB9-6094EA5BF4D0}.Debug|Any CPU.Build.0 = Debug|Any CPU
		{B7E4C300-A017-4B81-ABB9-6094EA5BF4D0}.Release|Any CPU.ActiveCfg = Release|Any CPU
		{B7E4C300-A017-4B81-ABB9-6094EA5BF4D0}.Release|Any CPU.Build.0 = Release|Any CPU
	EndGlobalSection
	GlobalSection(SolutionProperties) = preSolution
		HideSolutionNode = FALSE
	EndGlobalSection
	GlobalSection(ExtensibilityGlobals) = postSolution
		SolutionGuid = {3DBA853D-DC20-4C60-85CF-80F9A0E8FFC2}
	EndGlobalSection
EndGlobal
